PODS:
  - Alamofire (4.9.1)
  - MagicalRecord (2.3.2):
    - MagicalRecord/Core (= 2.3.2)
  - MagicalRecord/Core (2.3.2)
  - Mixpanel-swift (4.0.2):
    - Mixpanel-swift/Complete (= 4.0.2)
  - Mixpanel-swift/Complete (4.0.2)
  - SwiftEventBus (5.0.0)

DEPENDENCIES:
  - Alamofire (~> 4.9.1)
  - MagicalRecord
  - Mixpanel-swift
  - SwiftEventBus

SPEC REPOS:
  https://github.com/CocoaPods/Specs.git:
    - Alamofire
    - MagicalRecord
    - Mixpanel-swift
    - SwiftEventBus

SPEC CHECKSUMS:
  Alamofire: 85e8a02c69d6020a0d734f6054870d7ecb75cf18
  MagicalRecord: 53bed74b4323b930992a725be713e53b37d19755
  Mixpanel-swift: 91fc28834402720682f4cce760e95571fbb388c3
  SwiftEventBus: b30f617a6aca5a9336464b4d3f5931034762f2d5

PODFILE CHECKSUM: 15dcdae2220f34547621f13e90eaead836b1f4a5

COCOAPODS: 1.11.3
